// !$*UTF8*$!
{
	archiveVersion = 1;
	classes = {
	};
	objectVersion = 46;
	objects = {

/* Begin PBXBuildFile section */
		2DFF6DAF1EDA17BD00A682CD /* AppDelegate.swift in Sources */ = {isa = PBXBuildFile; fileRef = 2DFF6DAE1EDA17BD00A682CD /* AppDelegate.swift */; };
		2DFF6DB11EDA17BD00A682CD /* ViewController.swift in Sources */ = {isa = PBXBuildFile; fileRef = 2DFF6DB01EDA17BD00A682CD /* ViewController.swift */; };
		2DFF6DB41EDA17BD00A682CD /* Main.storyboard in Resources */ = {isa = PBXBuildFile; fileRef = 2DFF6DB21EDA17BD00A682CD /* Main.storyboard */; };
		2DFF6DB61EDA17BD00A682CD /* Assets.xcassets in Resources */ = {isa = PBXBuildFile; fileRef = 2DFF6DB51EDA17BD00A682CD /* Assets.xcassets */; };
		2DFF6DB91EDA17BD00A682CD /* LaunchScreen.storyboard in Resources */ = {isa = PBXBuildFile; fileRef = 2DFF6DB71EDA17BD00A682CD /* LaunchScreen.storyboard */; };
		2DFF6DC11EDA197400A682CD /* MainScreenView.xib in Resources */ = {isa = PBXBuildFile; fileRef = 2DFF6DC01EDA197400A682CD /* MainScreenView.xib */; };
		2DFF6DC31EDA198D00A682CD /* MainScreenView.swift in Sources */ = {isa = PBXBuildFile; fileRef = 2DFF6DC21EDA198D00A682CD /* MainScreenView.swift */; };
		2DFF6DC51EDA1F4800A682CD /* Starscream.framework in Frameworks */ = {isa = PBXBuildFile; fileRef = 2DFF6DC41EDA1F4800A682CD /* Starscream.framework */; };
/* End PBXBuildFile section */

/* Begin PBXFileReference section */
		2DFF6DAB1EDA17BD00A682CD /* GPUse.app */ = {isa = PBXFileReference; explicitFileType = wrapper.application; includeInIndex = 0; path = GPUse.app; sourceTree = BUILT_PRODUCTS_DIR; };
		2DFF6DAE1EDA17BD00A682CD /* AppDelegate.swift */ = {isa = PBXFileReference; lastKnownFileType = sourcecode.swift; path = AppDelegate.swift; sourceTree = "<group>"; };
		2DFF6DB01EDA17BD00A682CD /* ViewController.swift */ = {isa = PBXFileReference; lastKnownFileType = sourcecode.swift; path = ViewController.swift; sourceTree = "<group>"; };
		2DFF6DB31EDA17BD00A682CD /* Base */ = {isa = PBXFileReference; lastKnownFileType = file.storyboard; name = Base; path = Base.lproj/Main.storyboard; sourceTree = "<group>"; };
		2DFF6DB51EDA17BD00A682CD /* Assets.xcassets */ = {isa = PBXFileReference; lastKnownFileType = folder.assetcatalog; path = Assets.xcassets; sourceTree = "<group>"; };
		2DFF6DB81EDA17BD00A682CD /* Base */ = {isa = PBXFileReference; lastKnownFileType = file.storyboard; name = Base; path = Base.lproj/LaunchScreen.storyboard; sourceTree = "<group>"; };
		2DFF6DBA1EDA17BD00A682CD /* Info.plist */ = {isa = PBXFileReference; lastKnownFileType = text.plist.xml; path = Info.plist; sourceTree = "<group>"; };
		2DFF6DC01EDA197400A682CD /* MainScreenView.xib */ = {isa = PBXFileReference; fileEncoding = 4; lastKnownFileType = file.xib; path = MainScreenView.xib; sourceTree = "<group>"; };
		2DFF6DC21EDA198D00A682CD /* MainScreenView.swift */ = {isa = PBXFileReference; fileEncoding = 4; lastKnownFileType = sourcecode.swift; path = MainScreenView.swift; sourceTree = "<group>"; };
		2DFF6DC41EDA1F4800A682CD /* Starscream.framework */ = {isa = PBXFileReference; lastKnownFileType = wrapper.framework; name = Starscream.framework; path = Carthage/Build/iOS/Starscream.framework; sourceTree = "<group>"; };
/* End PBXFileReference section */

/* Begin PBXFrameworksBuildPhase section */
		2DFF6DA81EDA17BD00A682CD /* Frameworks */ = {
			isa = PBXFrameworksBuildPhase;
			buildActionMask = 2147483647;
			files = (
				2DFF6DC51EDA1F4800A682CD /* Starscream.framework in Frameworks */,
			);
			runOnlyForDeploymentPostprocessing = 0;
		};
/* End PBXFrameworksBuildPhase section */

/* Begin PBXGroup section */
		2DFF6DA21EDA17BD00A682CD = {
			isa = PBXGroup;
			children = (
				2DFF6DAD1EDA17BD00A682CD /* GPUse */,
				2DFF6DC41EDA1F4800A682CD /* Starscream.framework */,
				2DFF6DAC1EDA17BD00A682CD /* Products */,
			);
			sourceTree = "<group>";
		};
		2DFF6DAC1EDA17BD00A682CD /* Products */ = {
			isa = PBXGroup;
			children = (
				2DFF6DAB1EDA17BD00A682CD /* GPUse.app */,
			);
			name = Products;
			sourceTree = "<group>";
		};
		2DFF6DAD1EDA17BD00A682CD /* GPUse */ = {
			isa = PBXGroup;
			children = (
				2DFF6DAE1EDA17BD00A682CD /* AppDelegate.swift */,
				2DFF6DB01EDA17BD00A682CD /* ViewController.swift */,
				2DFF6DB21EDA17BD00A682CD /* Main.storyboard */,
				2DFF6DB51EDA17BD00A682CD /* Assets.xcassets */,
				2DFF6DB71EDA17BD00A682CD /* LaunchScreen.storyboard */,
				2DFF6DBA1EDA17BD00A682CD /* Info.plist */,
				2DFF6DC01EDA197400A682CD /* MainScreenView.xib */,
				2DFF6DC21EDA198D00A682CD /* MainScreenView.swift */,
			);
			path = GPUse;
			sourceTree = "<group>";
		};
/* End PBXGroup section */

/* Begin PBXNativeTarget section */
		2DFF6DAA1EDA17BD00A682CD /* GPUse */ = {
			isa = PBXNativeTarget;
			buildConfigurationList = 2DFF6DBD1EDA17BD00A682CD /* Build configuration list for PBXNativeTarget "GPUse" */;
			buildPhases = (
				2DFF6DA71EDA17BD00A682CD /* Sources */,
				2DFF6DA81EDA17BD00A682CD /* Frameworks */,
				2DFF6DA91EDA17BD00A682CD /* Resources */,
			);
			buildRules = (
			);
			dependencies = (
			);
			name = GPUse;
			productName = GPUse;
			productReference = 2DFF6DAB1EDA17BD00A682CD /* GPUse.app */;
			productType = "com.apple.product-type.application";
		};
/* End PBXNativeTarget section */

/* Begin PBXProject section */
		2DFF6DA31EDA17BD00A682CD /* Project object */ = {
			isa = PBXProject;
			attributes = {
				LastSwiftUpdateCheck = 0830;
				LastUpgradeCheck = 0830;
				ORGANIZATIONNAME = Wolox;
				TargetAttributes = {
					2DFF6DAA1EDA17BD00A682CD = {
						CreatedOnToolsVersion = 8.3.2;
						DevelopmentTeam = AJBMDU64UK;
						ProvisioningStyle = Automatic;
					};
				};
			};
			buildConfigurationList = 2DFF6DA61EDA17BD00A682CD /* Build configuration list for PBXProject "GPUse" */;
			compatibilityVersion = "Xcode 3.2";
			developmentRegion = English;
			hasScannedForEncodings = 0;
			knownRegions = (
				en,
				Base,
			);
			mainGroup = 2DFF6DA21EDA17BD00A682CD;
			productRefGroup = 2DFF6DAC1EDA17BD00A682CD /* Products */;
			projectDirPath = "";
			projectRoot = "";
			targets = (
				2DFF6DAA1EDA17BD00A682CD /* GPUse */,
			);
		};
/* End PBXProject section */

/* Begin PBXResourcesBuildPhase section */
		2DFF6DA91EDA17BD00A682CD /* Resources */ = {
			isa = PBXResourcesBuildPhase;
			buildActionMask = 2147483647;
			files = (
				2DFF6DB91EDA17BD00A682CD /* LaunchScreen.storyboard in Resources */,
				2DFF6DB61EDA17BD00A682CD /* Assets.xcassets in Resources */,
				2DFF6DB41EDA17BD00A682CD /* Main.storyboard in Resources */,
				2DFF6DC11EDA197400A682CD /* MainScreenView.xib in Resources */,
			);
			runOnlyForDeploymentPostprocessing = 0;
		};
/* End PBXResourcesBuildPhase section */

/* Begin PBXSourcesBuildPhase section */
		2DFF6DA71EDA17BD00A682CD /* Sources */ = {
			isa = PBXSourcesBuildPhase;
			buildActionMask = 2147483647;
			files = (
				2DFF6DB11EDA17BD00A682CD /* ViewController.swift in Sources */,
				2DFF6DC31EDA198D00A682CD /* MainScreenView.swift in Sources */,
				2DFF6DAF1EDA17BD00A682CD /* AppDelegate.swift in Sources */,
			);
			runOnlyForDeploymentPostprocessing = 0;
		};
/* End PBXSourcesBuildPhase section */

/* Begin PBXVariantGroup section */
		2DFF6DB21EDA17BD00A682CD /* Main.storyboard */ = {
			isa = PBXVariantGroup;
			children = (
				2DFF6DB31EDA17BD00A682CD /* Base */,
			);
			name = Main.storyboard;
			sourceTree = "<group>";
		};
		2DFF6DB71EDA17BD00A682CD /* LaunchScreen.storyboard */ = {
			isa = PBXVariantGroup;
			children = (
				2DFF6DB81EDA17BD00A682CD /* Base */,
			);
			name = LaunchScreen.storyboard;
			sourceTree = "<group>";
		};
/* End PBXVariantGroup section */

/* Begin XCBuildConfiguration section */
		2DFF6DBB1EDA17BD00A682CD /* Debug */ = {
			isa = XCBuildConfiguration;
			buildSettings = {
				ALWAYS_SEARCH_USER_PATHS = NO;
				CLANG_ANALYZER_NONNULL = YES;
				CLANG_ANALYZER_NUMBER_OBJECT_CONVERSION = YES_AGGRESSIVE;
				CLANG_CXX_LANGUAGE_STANDARD = "gnu++0x";
				CLANG_CXX_LIBRARY = "libc++";
				CLANG_ENABLE_MODULES = YES;
				CLANG_ENABLE_OBJC_ARC = YES;
				CLANG_WARN_BOOL_CONVERSION = YES;
				CLANG_WARN_CONSTANT_CONVERSION = YES;
				CLANG_WARN_DIRECT_OBJC_ISA_USAGE = YES_ERROR;
				CLANG_WARN_DOCUMENTATION_COMMENTS = YES;
				CLANG_WARN_EMPTY_BODY = YES;
				CLANG_WARN_ENUM_CONVERSION = YES;
				CLANG_WARN_INFINITE_RECURSION = YES;
				CLANG_WARN_INT_CONVERSION = YES;
				CLANG_WARN_OBJC_ROOT_CLASS = YES_ERROR;
				CLANG_WARN_SUSPICIOUS_MOVE = YES;
				CLANG_WARN_UNREACHABLE_CODE = YES;
				CLANG_WARN__DUPLICATE_METHOD_MATCH = YES;
				"CODE_SIGN_IDENTITY[sdk=iphoneos*]" = "iPhone Developer";
				COPY_PHASE_STRIP = NO;
				DEBUG_INFORMATION_FORMAT = dwarf;
				ENABLE_STRICT_OBJC_MSGSEND = YES;
				ENABLE_TESTABILITY = YES;
				GCC_C_LANGUAGE_STANDARD = gnu99;
				GCC_DYNAMIC_NO_PIC = NO;
				GCC_NO_COMMON_BLOCKS = YES;
				GCC_OPTIMIZATION_LEVEL = 0;
				GCC_PREPROCESSOR_DEFINITIONS = (
					"DEBUG=1",
					"$(inherited)",
				);
				GCC_WARN_64_TO_32_BIT_CONVERSION = YES;
				GCC_WARN_ABOUT_RETURN_TYPE = YES_ERROR;
				GCC_WARN_UNDECLARED_SELECTOR = YES;
				GCC_WARN_UNINITIALIZED_AUTOS = YES_AGGRESSIVE;
				GCC_WARN_UNUSED_FUNCTION = YES;
				GCC_WARN_UNUSED_VARIABLE = YES;
				IPHONEOS_DEPLOYMENT_TARGET = 10.3;
				MTL_ENABLE_DEBUG_INFO = YES;
				ONLY_ACTIVE_ARCH = YES;
				SDKROOT = iphoneos;
				SWIFT_ACTIVE_COMPILATION_CONDITIONS = DEBUG;
				SWIFT_OPTIMIZATION_LEVEL = "-Onone";
				TARGETED_DEVICE_FAMILY = "1,2";
			};
			name = Debug;
		};
		2DFF6DBC1EDA17BD00A682CD /* Release */ = {
			isa = XCBuildConfiguration;
			buildSettings = {
				ALWAYS_SEARCH_USER_PATHS = NO;
				CLANG_ANALYZER_NONNULL = YES;
				CLANG_ANALYZER_NUMBER_OBJECT_CONVERSION = YES_AGGRESSIVE;
				CLANG_CXX_LANGUAGE_STANDARD = "gnu++0x";
				CLANG_CXX_LIBRARY = "libc++";
				CLANG_ENABLE_MODULES = YES;
				CLANG_ENABLE_OBJC_ARC = YES;
				CLANG_WARN_BOOL_CONVERSION = YES;
				CLANG_WARN_CONSTANT_CONVERSION = YES;
				CLANG_WARN_DIRECT_OBJC_ISA_USAGE = YES_ERROR;
				CLANG_WARN_DOCUMENTATION_COMMENTS = YES;
				CLANG_WARN_EMPTY_BODY = YES;
				CLANG_WARN_ENUM_CONVERSION = YES;
				CLANG_WARN_INFINITE_RECURSION = YES;
				CLANG_WARN_INT_CONVERSION = YES;
				CLANG_WARN_OBJC_ROOT_CLASS = YES_ERROR;
				CLANG_WARN_SUSPICIOUS_MOVE = YES;
				CLANG_WARN_UNREACHABLE_CODE = YES;
				CLANG_WARN__DUPLICATE_METHOD_MATCH = YES;
				"CODE_SIGN_IDENTITY[sdk=iphoneos*]" = "iPhone Developer";
				COPY_PHASE_STRIP = NO;
				DEBUG_INFORMATION_FORMAT = "dwarf-with-dsym";
				ENABLE_NS_ASSERTIONS = NO;
				ENABLE_STRICT_OBJC_MSGSEND = YES;
				GCC_C_LANGUAGE_STANDARD = gnu99;
				GCC_NO_COMMON_BLOCKS = YES;
				GCC_WARN_64_TO_32_BIT_CONVERSION = YES;
				GCC_WARN_ABOUT_RETURN_TYPE = YES_ERROR;
				GCC_WARN_UNDECLARED_SELECTOR = YES;
				GCC_WARN_UNINITIALIZED_AUTOS = YES_AGGRESSIVE;
				GCC_WARN_UNUSED_FUNCTION = YES;
				GCC_WARN_UNUSED_VARIABLE = YES;
				IPHONEOS_DEPLOYMENT_TARGET = 10.3;
				MTL_ENABLE_DEBUG_INFO = NO;
				SDKROOT = iphoneos;
				SWIFT_OPTIMIZATION_LEVEL = "-Owholemodule";
				TARGETED_DEVICE_FAMILY = "1,2";
				VALIDATE_PRODUCT = YES;
			};
			name = Release;
		};
		2DFF6DBE1EDA17BD00A682CD /* Debug */ = {
			isa = XCBuildConfiguration;
			buildSettings = {
				ASSETCATALOG_COMPILER_APPICON_NAME = AppIcon;
				DEVELOPMENT_TEAM = AJBMDU64UK;
				FRAMEWORK_SEARCH_PATHS = (
					"$(inherited)",
					"$(PROJECT_DIR)/Carthage/Build/iOS",
				);
				INFOPLIST_FILE = GPUse/Info.plist;
				LD_RUNPATH_SEARCH_PATHS = "$(inherited) @executable_path/Frameworks";
				PRODUCT_BUNDLE_IDENTIFIER = wolox.GPUse;
				PRODUCT_NAME = "$(TARGET_NAME)";
				SWIFT_VERSION = 3.0;
			};
			name = Debug;
		};
		2DFF6DBF1EDA17BD00A682CD /* Release */ = {
			isa = XCBuildConfiguration;
			buildSettings = {
				ASSETCATALOG_COMPILER_APPICON_NAME = AppIcon;
				DEVELOPMENT_TEAM = AJBMDU64UK;
				FRAMEWORK_SEARCH_PATHS = (
					"$(inherited)",
					"$(PROJECT_DIR)/Carthage/Build/iOS",
				);
				INFOPLIST_FILE = GPUse/Info.plist;
				LD_RUNPATH_SEARCH_PATHS = "$(inherited) @executable_path/Frameworks";
				PRODUCT_BUNDLE_IDENTIFIER = wolox.GPUse;
				PRODUCT_NAME = "$(TARGET_NAME)";
				SWIFT_VERSION = 3.0;
			};
			name = Release;
		};
/* End XCBuildConfiguration section */

/* Begin XCConfigurationList section */
		2DFF6DA61EDA17BD00A682CD /* Build configuration list for PBXProject "GPUse" */ = {
			isa = XCConfigurationList;
			buildConfigurations = (
				2DFF6DBB1EDA17BD00A682CD /* Debug */,
				2DFF6DBC1EDA17BD00A682CD /* Release */,
			);
			defaultConfigurationIsVisible = 0;
			defaultConfigurationName = Release;
		};
		2DFF6DBD1EDA17BD00A682CD /* Build configuration list for PBXNativeTarget "GPUse" */ = {
			isa = XCConfigurationList;
			buildConfigurations = (
				2DFF6DBE1EDA17BD00A682CD /* Debug */,
				2DFF6DBF1EDA17BD00A682CD /* Release */,
			);
			defaultConfigurationIsVisible = 0;
		};
/* End XCConfigurationList section */
	};
	rootObject = 2DFF6DA31EDA17BD00A682CD /* Project object */;
}
